// !$*UTF8*$!
{
	archiveVersion = 1;
	classes = {
	};
	objectVersion = 50;
	objects = {

/* Begin PBXBuildFile section */
		0A211A0C2264AB2300CB7427 /* AppDelegate.swift in Sources */ = {isa = PBXBuildFile; fileRef = 0A211A0B2264AB2300CB7427 /* AppDelegate.swift */; };
		0A211A0E2264AB2300CB7427 /* ViewController.swift in Sources */ = {isa = PBXBuildFile; fileRef = 0A211A0D2264AB2300CB7427 /* ViewController.swift */; };
		0A211A102264AB3B00CB7427 /* Assets.xcassets in Resources */ = {isa = PBXBuildFile; fileRef = 0A211A0F2264AB3B00CB7427 /* Assets.xcassets */; };
		0A211A132264AB3B00CB7427 /* Main.storyboard in Resources */ = {isa = PBXBuildFile; fileRef = 0A211A112264AB3B00CB7427 /* Main.storyboard */; };
		0A211A1E2264ABD000CB7427 /* CTPanoramaView.swift in Sources */ = {isa = PBXBuildFile; fileRef = 0A211A1C2264ABD000CB7427 /* CTPanoramaView.swift */; };
		0A211A1F2264ABD000CB7427 /* CTPieSliceView.swift in Sources */ = {isa = PBXBuildFile; fileRef = 0A211A1D2264ABD000CB7427 /* CTPieSliceView.swift */; };
		0A867F8A2265BDC400166317 /* DropView.swift in Sources */ = {isa = PBXBuildFile; fileRef = 0A867F892265BDC400166317 /* DropView.swift */; };
/* End PBXBuildFile section */

/* Begin PBXFileReference section */
		0A211A082264AB2300CB7427 /* PanoramaViewer.app */ = {isa = PBXFileReference; explicitFileType = wrapper.application; includeInIndex = 0; path = PanoramaViewer.app; sourceTree = BUILT_PRODUCTS_DIR; };
		0A211A0B2264AB2300CB7427 /* AppDelegate.swift */ = {isa = PBXFileReference; lastKnownFileType = sourcecode.swift; path = AppDelegate.swift; sourceTree = "<group>"; };
		0A211A0D2264AB2300CB7427 /* ViewController.swift */ = {isa = PBXFileReference; lastKnownFileType = sourcecode.swift; path = ViewController.swift; sourceTree = "<group>"; };
		0A211A0F2264AB3B00CB7427 /* Assets.xcassets */ = {isa = PBXFileReference; lastKnownFileType = folder.assetcatalog; path = Assets.xcassets; sourceTree = "<group>"; };
		0A211A122264AB3B00CB7427 /* Base */ = {isa = PBXFileReference; lastKnownFileType = file.storyboard; name = Base; path = Base.lproj/Main.storyboard; sourceTree = "<group>"; };
		0A211A142264AB3B00CB7427 /* Info.plist */ = {isa = PBXFileReference; lastKnownFileType = text.plist.xml; path = Info.plist; sourceTree = "<group>"; };
		0A211A152264AB3B00CB7427 /* PanoramaViewer.entitlements */ = {isa = PBXFileReference; lastKnownFileType = text.plist.entitlements; path = PanoramaViewer.entitlements; sourceTree = "<group>"; };
		0A211A1C2264ABD000CB7427 /* CTPanoramaView.swift */ = {isa = PBXFileReference; fileEncoding = 4; lastKnownFileType = sourcecode.swift; path = CTPanoramaView.swift; sourceTree = "<group>"; };
		0A211A1D2264ABD000CB7427 /* CTPieSliceView.swift */ = {isa = PBXFileReference; fileEncoding = 4; lastKnownFileType = sourcecode.swift; path = CTPieSliceView.swift; sourceTree = "<group>"; };
		0A867F892265BDC400166317 /* DropView.swift */ = {isa = PBXFileReference; lastKnownFileType = sourcecode.swift; path = DropView.swift; sourceTree = "<group>"; };
/* End PBXFileReference section */

/* Begin PBXFrameworksBuildPhase section */
		0A211A052264AB2300CB7427 /* Frameworks */ = {
			isa = PBXFrameworksBuildPhase;
			buildActionMask = 2147483647;
			files = (
			);
			runOnlyForDeploymentPostprocessing = 0;
		};
/* End PBXFrameworksBuildPhase section */

/* Begin PBXGroup section */
		0A2119FF2264AB2300CB7427 = {
			isa = PBXGroup;
			children = (
				0A211A0A2264AB2300CB7427 /* PanoramaViewer */,
				0A211A092264AB2300CB7427 /* Products */,
			);
			sourceTree = "<group>";
		};
		0A211A092264AB2300CB7427 /* Products */ = {
			isa = PBXGroup;
			children = (
				0A211A082264AB2300CB7427 /* PanoramaViewer.app */,
			);
			name = Products;
			sourceTree = "<group>";
		};
		0A211A0A2264AB2300CB7427 /* PanoramaViewer */ = {
			isa = PBXGroup;
			children = (
				0A211A1B2264ABD000CB7427 /* Source */,
				0A211A0B2264AB2300CB7427 /* AppDelegate.swift */,
				0A211A0D2264AB2300CB7427 /* ViewController.swift */,
				0A211A0F2264AB3B00CB7427 /* Assets.xcassets */,
				0A211A112264AB3B00CB7427 /* Main.storyboard */,
				0A211A142264AB3B00CB7427 /* Info.plist */,
				0A211A152264AB3B00CB7427 /* PanoramaViewer.entitlements */,
			);
			path = PanoramaViewer;
			sourceTree = "<group>";
		};
		0A211A1B2264ABD000CB7427 /* Source */ = {
			isa = PBXGroup;
			children = (
				0A211A1C2264ABD000CB7427 /* CTPanoramaView.swift */,
				0A211A1D2264ABD000CB7427 /* CTPieSliceView.swift */,
				0A867F892265BDC400166317 /* DropView.swift */,
			);
			path = Source;
			sourceTree = "<group>";
		};
/* End PBXGroup section */

/* Begin PBXNativeTarget section */
		0A211A072264AB2300CB7427 /* PanoramaViewer */ = {
			isa = PBXNativeTarget;
			buildConfigurationList = 0A211A182264AB3B00CB7427 /* Build configuration list for PBXNativeTarget "PanoramaViewer" */;
			buildPhases = (
				0A211A042264AB2300CB7427 /* Sources */,
				0A211A052264AB2300CB7427 /* Frameworks */,
				0A211A062264AB2300CB7427 /* Resources */,
			);
			buildRules = (
			);
			dependencies = (
			);
			name = PanoramaViewer;
			productName = PanoramaViewer;
			productReference = 0A211A082264AB2300CB7427 /* PanoramaViewer.app */;
			productType = "com.apple.product-type.application";
		};
/* End PBXNativeTarget section */

/* Begin PBXProject section */
		0A211A002264AB2300CB7427 /* Project object */ = {
			isa = PBXProject;
			attributes = {
				LastSwiftUpdateCheck = 1010;
				LastUpgradeCheck = 1010;
				ORGANIZATIONNAME = devpoint;
				TargetAttributes = {
					0A211A072264AB2300CB7427 = {
						CreatedOnToolsVersion = 10.1;
					};
				};
			};
			buildConfigurationList = 0A211A032264AB2300CB7427 /* Build configuration list for PBXProject "PanoramaViewer" */;
			compatibilityVersion = "Xcode 9.3";
			developmentRegion = en;
			hasScannedForEncodings = 0;
			knownRegions = (
				en,
				Base,
			);
			mainGroup = 0A2119FF2264AB2300CB7427;
			productRefGroup = 0A211A092264AB2300CB7427 /* Products */;
			projectDirPath = "";
			projectRoot = "";
			targets = (
				0A211A072264AB2300CB7427 /* PanoramaViewer */,
			);
		};
/* End PBXProject section */

/* Begin PBXResourcesBuildPhase section */
		0A211A062264AB2300CB7427 /* Resources */ = {
			isa = PBXResourcesBuildPhase;
			buildActionMask = 2147483647;
			files = (
				0A211A102264AB3B00CB7427 /* Assets.xcassets in Resources */,
				0A211A132264AB3B00CB7427 /* Main.storyboard in Resources */,
			);
			runOnlyForDeploymentPostprocessing = 0;
		};
/* End PBXResourcesBuildPhase section */

/* Begin PBXSourcesBuildPhase section */
		0A211A042264AB2300CB7427 /* Sources */ = {
			isa = PBXSourcesBuildPhase;
			buildActionMask = 2147483647;
			files = (
				0A211A0E2264AB2300CB7427 /* ViewController.swift in Sources */,
				0A211A0C2264AB2300CB7427 /* AppDelegate.swift in Sources */,
				0A211A1E2264ABD000CB7427 /* CTPanoramaView.swift in Sources */,
				0A211A1F2264ABD000CB7427 /* CTPieSliceView.swift in Sources */,
				0A867F8A2265BDC400166317 /* DropView.swift in Sources */,
			);
			runOnlyForDeploymentPostprocessing = 0;
		};
/* End PBXSourcesBuildPhase section */

/* Begin PBXVariantGroup section */
		0A211A112264AB3B00CB7427 /* Main.storyboard */ = {
			isa = PBXVariantGroup;
			children = (
				0A211A122264AB3B00CB7427 /* Base */,
			);
			name = Main.storyboard;
			sourceTree = "<group>";
		};
/* End PBXVariantGroup section */

/* Begin XCBuildConfiguration section */
		0A211A162264AB3B00CB7427 /* Debug */ = {
			isa = XCBuildConfiguration;
			buildSettings = {
				ALWAYS_SEARCH_USER_PATHS = NO;
				CLANG_ANALYZER_NONNULL = YES;
				CLANG_ANALYZER_NUMBER_OBJECT_CONVERSION = YES_AGGRESSIVE;
				CLANG_CXX_LANGUAGE_STANDARD = "gnu++14";
				CLANG_CXX_LIBRARY = "libc++";
				CLANG_ENABLE_MODULES = YES;
				CLANG_ENABLE_OBJC_ARC = YES;
				CLANG_ENABLE_OBJC_WEAK = YES;
				CLANG_WARN_BLOCK_CAPTURE_AUTORELEASING = YES;
				CLANG_WARN_BOOL_CONVERSION = YES;
				CLANG_WARN_COMMA = YES;
				CLANG_WARN_CONSTANT_CONVERSION = YES;
				CLANG_WARN_DEPRECATED_OBJC_IMPLEMENTATIONS = YES;
				CLANG_WARN_DIRECT_OBJC_ISA_USAGE = YES_ERROR;
				CLANG_WARN_DOCUMENTATION_COMMENTS = YES;
				CLANG_WARN_EMPTY_BODY = YES;
				CLANG_WARN_ENUM_CONVERSION = YES;
				CLANG_WARN_INFINITE_RECURSION = YES;
				CLANG_WARN_INT_CONVERSION = YES;
				CLANG_WARN_NON_LITERAL_NULL_CONVERSION = YES;
				CLANG_WARN_OBJC_IMPLICIT_RETAIN_SELF = YES;
				CLANG_WARN_OBJC_LITERAL_CONVERSION = YES;
				CLANG_WARN_OBJC_ROOT_CLASS = YES_ERROR;
				CLANG_WARN_RANGE_LOOP_ANALYSIS = YES;
				CLANG_WARN_STRICT_PROTOTYPES = YES;
				CLANG_WARN_SUSPICIOUS_MOVE = YES;
				CLANG_WARN_UNGUARDED_AVAILABILITY = YES_AGGRESSIVE;
				CLANG_WARN_UNREACHABLE_CODE = YES;
				CLANG_WARN__DUPLICATE_METHOD_MATCH = YES;
				CODE_SIGN_IDENTITY = "Mac Developer";
				COPY_PHASE_STRIP = NO;
				DEBUG_INFORMATION_FORMAT = dwarf;
				ENABLE_STRICT_OBJC_MSGSEND = YES;
				ENABLE_TESTABILITY = YES;
				GCC_C_LANGUAGE_STANDARD = gnu11;
				GCC_DYNAMIC_NO_PIC = NO;
				GCC_NO_COMMON_BLOCKS = YES;
				GCC_OPTIMIZATION_LEVEL = 0;
				GCC_PREPROCESSOR_DEFINITIONS = (
					"DEBUG=1",
					"$(inherited)",
				);
				GCC_WARN_64_TO_32_BIT_CONVERSION = YES;
				GCC_WARN_ABOUT_RETURN_TYPE = YES_ERROR;
				GCC_WARN_UNDECLARED_SELECTOR = YES;
				GCC_WARN_UNINITIALIZED_AUTOS = YES_AGGRESSIVE;
				GCC_WARN_UNUSED_FUNCTION = YES;
				GCC_WARN_UNUSED_VARIABLE = YES;
				MACOSX_DEPLOYMENT_TARGET = 10.13;
				MTL_ENABLE_DEBUG_INFO = INCLUDE_SOURCE;
				MTL_FAST_MATH = YES;
				ONLY_ACTIVE_ARCH = YES;
				SDKROOT = macosx;
				SWIFT_ACTIVE_COMPILATION_CONDITIONS = DEBUG;
				SWIFT_OPTIMIZATION_LEVEL = "-Onone";
			};
			name = Debug;
		};
		0A211A172264AB3B00CB7427 /* Release */ = {
			isa = XCBuildConfiguration;
			buildSettings = {
				ALWAYS_SEARCH_USER_PATHS = NO;
				CLANG_ANALYZER_NONNULL = YES;
				CLANG_ANALYZER_NUMBER_OBJECT_CONVERSION = YES_AGGRESSIVE;
				CLANG_CXX_LANGUAGE_STANDARD = "gnu++14";
				CLANG_CXX_LIBRARY = "libc++";
				CLANG_ENABLE_MODULES = YES;
				CLANG_ENABLE_OBJC_ARC = YES;
				CLANG_ENABLE_OBJC_WEAK = YES;
				CLANG_WARN_BLOCK_CAPTURE_AUTORELEASING = YES;
				CLANG_WARN_BOOL_CONVERSION = YES;
				CLANG_WARN_COMMA = YES;
				CLANG_WARN_CONSTANT_CONVERSION = YES;
				CLANG_WARN_DEPRECATED_OBJC_IMPLEMENTATIONS = YES;
				CLANG_WARN_DIRECT_OBJC_ISA_USAGE = YES_ERROR;
				CLANG_WARN_DOCUMENTATION_COMMENTS = YES;
				CLANG_WARN_EMPTY_BODY = YES;
				CLANG_WARN_ENUM_CONVERSION = YES;
				CLANG_WARN_INFINITE_RECURSION = YES;
				CLANG_WARN_INT_CONVERSION = YES;
				CLANG_WARN_NON_LITERAL_NULL_CONVERSION = YES;
				CLANG_WARN_OBJC_IMPLICIT_RETAIN_SELF = YES;
				CLANG_WARN_OBJC_LITERAL_CONVERSION = YES;
				CLANG_WARN_OBJC_ROOT_CLASS = YES_ERROR;
				CLANG_WARN_RANGE_LOOP_ANALYSIS = YES;
				CLANG_WARN_STRICT_PROTOTYPES = YES;
				CLANG_WARN_SUSPICIOUS_MOVE = YES;
				CLANG_WARN_UNGUARDED_AVAILABILITY = YES_AGGRESSIVE;
				CLANG_WARN_UNREACHABLE_CODE = YES;
				CLANG_WARN__DUPLICATE_METHOD_MATCH = YES;
				CODE_SIGN_IDENTITY = "Mac Developer";
				COPY_PHASE_STRIP = NO;
				DEBUG_INFORMATION_FORMAT = "dwarf-with-dsym";
				ENABLE_NS_ASSERTIONS = NO;
				ENABLE_STRICT_OBJC_MSGSEND = YES;
				GCC_C_LANGUAGE_STANDARD = gnu11;
				GCC_NO_COMMON_BLOCKS = YES;
				GCC_WARN_64_TO_32_BIT_CONVERSION = YES;
				GCC_WARN_ABOUT_RETURN_TYPE = YES_ERROR;
				GCC_WARN_UNDECLARED_SELECTOR = YES;
				GCC_WARN_UNINITIALIZED_AUTOS = YES_AGGRESSIVE;
				GCC_WARN_UNUSED_FUNCTION = YES;
				GCC_WARN_UNUSED_VARIABLE = YES;
				MACOSX_DEPLOYMENT_TARGET = 10.13;
				MTL_ENABLE_DEBUG_INFO = NO;
				MTL_FAST_MATH = YES;
				SDKROOT = macosx;
				SWIFT_COMPILATION_MODE = wholemodule;
				SWIFT_OPTIMIZATION_LEVEL = "-O";
			};
			name = Release;
		};
		0A211A192264AB3B00CB7427 /* Debug */ = {
			isa = XCBuildConfiguration;
			buildSettings = {
				ASSETCATALOG_COMPILER_APPICON_NAME = AppIcon;
				CODE_SIGN_ENTITLEMENTS = PanoramaViewer/PanoramaViewer.entitlements;
				CODE_SIGN_STYLE = Automatic;
				COMBINE_HIDPI_IMAGES = YES;
				DEVELOPMENT_TEAM = 3NHXJL2834;
				INFOPLIST_FILE = PanoramaViewer/Info.plist;
				LD_RUNPATH_SEARCH_PATHS = (
					"$(inherited)",
					"@executable_path/../Frameworks",
				);
				MACOSX_DEPLOYMENT_TARGET = 10.13;
				PRODUCT_BUNDLE_IDENTIFIER = com.devpoint.PanoramaViewer;
				PRODUCT_NAME = "$(TARGET_NAME)";
				SWIFT_VERSION = 4.2;
			};
			name = Debug;
		};
		0A211A1A2264AB3B00CB7427 /* Release */ = {
			isa = XCBuildConfiguration;
			buildSettings = {
				ASSETCATALOG_COMPILER_APPICON_NAME = AppIcon;
				CODE_SIGN_ENTITLEMENTS = PanoramaViewer/PanoramaViewer.entitlements;
				CODE_SIGN_STYLE = Automatic;
				COMBINE_HIDPI_IMAGES = YES;
				DEVELOPMENT_TEAM = 3NHXJL2834;
				INFOPLIST_FILE = PanoramaViewer/Info.plist;
				LD_RUNPATH_SEARCH_PATHS = (
					"$(inherited)",
					"@executable_path/../Frameworks",
				);
				MACOSX_DEPLOYMENT_TARGET = 10.13;
				PRODUCT_BUNDLE_IDENTIFIER = com.devpoint.PanoramaViewer;
				PRODUCT_NAME = "$(TARGET_NAME)";
				SWIFT_VERSION = 4.2;
			};
			name = Release;
		};
/* End XCBuildConfiguration section */

/* Begin XCConfigurationList section */
		0A211A032264AB2300CB7427 /* Build configuration list for PBXProject "PanoramaViewer" */ = {
			isa = XCConfigurationList;
			buildConfigurations = (
				0A211A162264AB3B00CB7427 /* Debug */,
				0A211A172264AB3B00CB7427 /* Release */,
			);
			defaultConfigurationIsVisible = 0;
			defaultConfigurationName = Release;
		};
		0A211A182264AB3B00CB7427 /* Build configuration list for PBXNativeTarget "PanoramaViewer" */ = {
			isa = XCConfigurationList;
			buildConfigurations = (
				0A211A192264AB3B00CB7427 /* Debug */,
				0A211A1A2264AB3B00CB7427 /* Release */,
			);
			defaultConfigurationIsVisible = 0;
			defaultConfigurationName = Release;
		};
/* End XCConfigurationList section */
	};
	rootObject = 0A211A002264AB2300CB7427 /* Project object */;
}
